
Microsoft Visual Studio Solution File, Format Version 12.00
# Visual Studio Version 16
VisualStudioVersion = 16.0.32901.82
MinimumVisualStudioVersion = 10.0.40219.1
Project("{FAE04EC0-301F-11D3-BF4B-00C04F79EFBC}") = "HTTP5112-0NB-Assignment1-CatherineTran", "HTTP5112-0NB-Assignment1-CatherineTran\HTTP5112-0NB-Assignment1-CatherineTran.csproj", "{D666B750-8768-4DAF-9FD6-1F661BA5B184}"
EndProject
Global
	GlobalSection(SolutionConfigurationPlatforms) = preSolution
		Debug|Any CPU = Debug|Any CPU
		Release|Any CPU = Release|Any CPU
	EndGlobalSection
	GlobalSection(ProjectConfigurationPlatforms) = postSolution
		{D666B750-8768-4DAF-9FD6-1F661BA5B184}.Debug|Any CPU.ActiveCfg = Debug|Any CPU
		{D666B750-8768-4DAF-9FD6-1F661BA5B184}.Debug|Any CPU.Build.0 = Debug|Any CPU
		{D666B750-8768-4DAF-9FD6-1F661BA5B184}.Release|Any CPU.ActiveCfg = Release|Any CPU
		{D666B750-8768-4DAF-9FD6-1F661BA5B184}.Release|Any CPU.Build.0 = Release|Any CPU
	EndGlobalSection
	GlobalSection(SolutionProperties) = preSolution
		HideSolutionNode = FALSE
	EndGlobalSection
	GlobalSection(ExtensibilityGlobals) = postSolution
		SolutionGuid = {CA21E4A3-982F-4919-92DD-0545FC1F577C}
	EndGlobalSection
EndGlobal
